// !$*UTF8*$!
{
	archiveVersion = 1;
	classes = {
	};
	objectVersion = 51;
	objects = {

/* Begin PBXBuildFile section */
		6EAAC08C25B9064B00851EB8 /* AppDelegate.swift in Sources */ = {isa = PBXBuildFile; fileRef = 6EAAC08B25B9064B00851EB8 /* AppDelegate.swift */; };
		6EAAC08E25B9064B00851EB8 /* SceneDelegate.swift in Sources */ = {isa = PBXBuildFile; fileRef = 6EAAC08D25B9064B00851EB8 /* SceneDelegate.swift */; };
		6EAAC09025B9064B00851EB8 /* SplashViewController.swift in Sources */ = {isa = PBXBuildFile; fileRef = 6EAAC08F25B9064B00851EB8 /* SplashViewController.swift */; };
		6EAAC09325B9064B00851EB8 /* Main.storyboard in Resources */ = {isa = PBXBuildFile; fileRef = 6EAAC09125B9064B00851EB8 /* Main.storyboard */; };
		6EAAC09525B9064D00851EB8 /* Assets.xcassets in Resources */ = {isa = PBXBuildFile; fileRef = 6EAAC09425B9064D00851EB8 /* Assets.xcassets */; };
		6EAAC09825B9064D00851EB8 /* LaunchScreen.storyboard in Resources */ = {isa = PBXBuildFile; fileRef = 6EAAC09625B9064D00851EB8 /* LaunchScreen.storyboard */; };
		6EAAC0A325B9064D00851EB8 /* InternProjectTests.swift in Sources */ = {isa = PBXBuildFile; fileRef = 6EAAC0A225B9064D00851EB8 /* InternProjectTests.swift */; };
		6EAAC0AE25B9064D00851EB8 /* InternProjectUITests.swift in Sources */ = {isa = PBXBuildFile; fileRef = 6EAAC0AD25B9064D00851EB8 /* InternProjectUITests.swift */; };
		6EAAC0C325B9086C00851EB8 /* HomepageViewController.swift in Sources */ = {isa = PBXBuildFile; fileRef = 6EAAC0C225B9086C00851EB8 /* HomepageViewController.swift */; };
		6EAAC0DE25B91FB600851EB8 /* GoogleService-Info.plist in Resources */ = {isa = PBXBuildFile; fileRef = 6EAAC0DD25B91FB600851EB8 /* GoogleService-Info.plist */; };
		81568D91260B040E82A05EE6 /* Pods_InternProject.framework in Frameworks */ = {isa = PBXBuildFile; fileRef = 18CFC99A9DD0C800492B87B3 /* Pods_InternProject.framework */; };
/* End PBXBuildFile section */

/* Begin PBXContainerItemProxy section */
		6EAAC09F25B9064D00851EB8 /* PBXContainerItemProxy */ = {
			isa = PBXContainerItemProxy;
			containerPortal = 6EAAC08025B9064B00851EB8 /* Project object */;
			proxyType = 1;
			remoteGlobalIDString = 6EAAC08725B9064B00851EB8;
			remoteInfo = InternProject;
		};
		6EAAC0AA25B9064D00851EB8 /* PBXContainerItemProxy */ = {
			isa = PBXContainerItemProxy;
			containerPortal = 6EAAC08025B9064B00851EB8 /* Project object */;
			proxyType = 1;
			remoteGlobalIDString = 6EAAC08725B9064B00851EB8;
			remoteInfo = InternProject;
		};
/* End PBXContainerItemProxy section */

/* Begin PBXFileReference section */
		18CFC99A9DD0C800492B87B3 /* Pods_InternProject.framework */ = {isa = PBXFileReference; explicitFileType = wrapper.framework; includeInIndex = 0; path = Pods_InternProject.framework; sourceTree = BUILT_PRODUCTS_DIR; };
		6EAAC08825B9064B00851EB8 /* InternProject.app */ = {isa = PBXFileReference; explicitFileType = wrapper.application; includeInIndex = 0; path = InternProject.app; sourceTree = BUILT_PRODUCTS_DIR; };
		6EAAC08B25B9064B00851EB8 /* AppDelegate.swift */ = {isa = PBXFileReference; lastKnownFileType = sourcecode.swift; path = AppDelegate.swift; sourceTree = "<group>"; };
		6EAAC08D25B9064B00851EB8 /* SceneDelegate.swift */ = {isa = PBXFileReference; lastKnownFileType = sourcecode.swift; path = SceneDelegate.swift; sourceTree = "<group>"; };
		6EAAC08F25B9064B00851EB8 /* SplashViewController.swift */ = {isa = PBXFileReference; lastKnownFileType = sourcecode.swift; path = SplashViewController.swift; sourceTree = "<group>"; };
		6EAAC09225B9064B00851EB8 /* Base */ = {isa = PBXFileReference; lastKnownFileType = file.storyboard; name = Base; path = Base.lproj/Main.storyboard; sourceTree = "<group>"; };
		6EAAC09425B9064D00851EB8 /* Assets.xcassets */ = {isa = PBXFileReference; lastKnownFileType = folder.assetcatalog; path = Assets.xcassets; sourceTree = "<group>"; };
		6EAAC09725B9064D00851EB8 /* Base */ = {isa = PBXFileReference; lastKnownFileType = file.storyboard; name = Base; path = Base.lproj/LaunchScreen.storyboard; sourceTree = "<group>"; };
		6EAAC09925B9064D00851EB8 /* Info.plist */ = {isa = PBXFileReference; lastKnownFileType = text.plist.xml; path = Info.plist; sourceTree = "<group>"; };
		6EAAC09E25B9064D00851EB8 /* InternProjectTests.xctest */ = {isa = PBXFileReference; explicitFileType = wrapper.cfbundle; includeInIndex = 0; path = InternProjectTests.xctest; sourceTree = BUILT_PRODUCTS_DIR; };
		6EAAC0A225B9064D00851EB8 /* InternProjectTests.swift */ = {isa = PBXFileReference; lastKnownFileType = sourcecode.swift; path = InternProjectTests.swift; sourceTree = "<group>"; };
		6EAAC0A425B9064D00851EB8 /* Info.plist */ = {isa = PBXFileReference; lastKnownFileType = text.plist.xml; path = Info.plist; sourceTree = "<group>"; };
		6EAAC0A925B9064D00851EB8 /* InternProjectUITests.xctest */ = {isa = PBXFileReference; explicitFileType = wrapper.cfbundle; includeInIndex = 0; path = InternProjectUITests.xctest; sourceTree = BUILT_PRODUCTS_DIR; };
		6EAAC0AD25B9064D00851EB8 /* InternProjectUITests.swift */ = {isa = PBXFileReference; lastKnownFileType = sourcecode.swift; path = InternProjectUITests.swift; sourceTree = "<group>"; };
		6EAAC0AF25B9064D00851EB8 /* Info.plist */ = {isa = PBXFileReference; lastKnownFileType = text.plist.xml; path = Info.plist; sourceTree = "<group>"; };
		6EAAC0C225B9086C00851EB8 /* HomepageViewController.swift */ = {isa = PBXFileReference; lastKnownFileType = sourcecode.swift; path = HomepageViewController.swift; sourceTree = "<group>"; };
		6EAAC0DD25B91FB600851EB8 /* GoogleService-Info.plist */ = {isa = PBXFileReference; fileEncoding = 4; lastKnownFileType = text.plist.xml; path = "GoogleService-Info.plist"; sourceTree = "<group>"; };
		D86D81539707543B9CBB7A3B /* Pods-InternProject.debug.xcconfig */ = {isa = PBXFileReference; includeInIndex = 1; lastKnownFileType = text.xcconfig; name = "Pods-InternProject.debug.xcconfig"; path = "Target Support Files/Pods-InternProject/Pods-InternProject.debug.xcconfig"; sourceTree = "<group>"; };
		DF09D050DF62C121C3D4A9C9 /* Pods-InternProject.release.xcconfig */ = {isa = PBXFileReference; includeInIndex = 1; lastKnownFileType = text.xcconfig; name = "Pods-InternProject.release.xcconfig"; path = "Target Support Files/Pods-InternProject/Pods-InternProject.release.xcconfig"; sourceTree = "<group>"; };
/* End PBXFileReference section */

/* Begin PBXFrameworksBuildPhase section */
		6EAAC08525B9064B00851EB8 /* Frameworks */ = {
			isa = PBXFrameworksBuildPhase;
			buildActionMask = 2147483647;
			files = (
				81568D91260B040E82A05EE6 /* Pods_InternProject.framework in Frameworks */,
			);
			runOnlyForDeploymentPostprocessing = 0;
		};
		6EAAC09B25B9064D00851EB8 /* Frameworks */ = {
			isa = PBXFrameworksBuildPhase;
			buildActionMask = 2147483647;
			files = (
			);
			runOnlyForDeploymentPostprocessing = 0;
		};
		6EAAC0A625B9064D00851EB8 /* Frameworks */ = {
			isa = PBXFrameworksBuildPhase;
			buildActionMask = 2147483647;
			files = (
			);
			runOnlyForDeploymentPostprocessing = 0;
		};
/* End PBXFrameworksBuildPhase section */

/* Begin PBXGroup section */
		03A2F443255A671925466A7C /* Pods */ = {
			isa = PBXGroup;
			children = (
				D86D81539707543B9CBB7A3B /* Pods-InternProject.debug.xcconfig */,
				DF09D050DF62C121C3D4A9C9 /* Pods-InternProject.release.xcconfig */,
			);
			path = Pods;
			sourceTree = "<group>";
		};
		6EAAC07F25B9064B00851EB8 = {
			isa = PBXGroup;
			children = (
				6EAAC08A25B9064B00851EB8 /* InternProject */,
				6EAAC0A125B9064D00851EB8 /* InternProjectTests */,
				6EAAC0AC25B9064D00851EB8 /* InternProjectUITests */,
				6EAAC08925B9064B00851EB8 /* Products */,
				03A2F443255A671925466A7C /* Pods */,
				8CDEB543C006E58C2987CBBE /* Frameworks */,
			);
			sourceTree = "<group>";
		};
		6EAAC08925B9064B00851EB8 /* Products */ = {
			isa = PBXGroup;
			children = (
				6EAAC08825B9064B00851EB8 /* InternProject.app */,
				6EAAC09E25B9064D00851EB8 /* InternProjectTests.xctest */,
				6EAAC0A925B9064D00851EB8 /* InternProjectUITests.xctest */,
			);
			name = Products;
			sourceTree = "<group>";
		};
		6EAAC08A25B9064B00851EB8 /* InternProject */ = {
			isa = PBXGroup;
			children = (
				6EAAC0BE25B9071400851EB8 /* Views */,
				6EAAC0DD25B91FB600851EB8 /* GoogleService-Info.plist */,
				6EAAC08B25B9064B00851EB8 /* AppDelegate.swift */,
				6EAAC08D25B9064B00851EB8 /* SceneDelegate.swift */,
				6EAAC09125B9064B00851EB8 /* Main.storyboard */,
				6EAAC09425B9064D00851EB8 /* Assets.xcassets */,
				6EAAC09625B9064D00851EB8 /* LaunchScreen.storyboard */,
				6EAAC09925B9064D00851EB8 /* Info.plist */,
			);
			path = InternProject;
			sourceTree = "<group>";
		};
		6EAAC0A125B9064D00851EB8 /* InternProjectTests */ = {
			isa = PBXGroup;
			children = (
				6EAAC0A225B9064D00851EB8 /* InternProjectTests.swift */,
				6EAAC0A425B9064D00851EB8 /* Info.plist */,
			);
			path = InternProjectTests;
			sourceTree = "<group>";
		};
		6EAAC0AC25B9064D00851EB8 /* InternProjectUITests */ = {
			isa = PBXGroup;
			children = (
				6EAAC0AD25B9064D00851EB8 /* InternProjectUITests.swift */,
				6EAAC0AF25B9064D00851EB8 /* Info.plist */,
			);
			path = InternProjectUITests;
			sourceTree = "<group>";
		};
		6EAAC0BE25B9071400851EB8 /* Views */ = {
			isa = PBXGroup;
			children = (
				6EAAC08F25B9064B00851EB8 /* SplashViewController.swift */,
				6EAAC0C225B9086C00851EB8 /* HomepageViewController.swift */,
			);
			path = Views;
			sourceTree = "<group>";
		};
		8CDEB543C006E58C2987CBBE /* Frameworks */ = {
			isa = PBXGroup;
			children = (
				18CFC99A9DD0C800492B87B3 /* Pods_InternProject.framework */,
			);
			name = Frameworks;
			sourceTree = "<group>";
		};
/* End PBXGroup section */

/* Begin PBXNativeTarget section */
		6EAAC08725B9064B00851EB8 /* InternProject */ = {
			isa = PBXNativeTarget;
			buildConfigurationList = 6EAAC0B225B9064D00851EB8 /* Build configuration list for PBXNativeTarget "InternProject" */;
			buildPhases = (
				737CDAE100FB0F05C096D9E1 /* [CP] Check Pods Manifest.lock */,
				6EAAC08425B9064B00851EB8 /* Sources */,
				6EAAC08525B9064B00851EB8 /* Frameworks */,
				6EAAC08625B9064B00851EB8 /* Resources */,
				D4BA233FE55542A9A61E721E /* [CP] Embed Pods Frameworks */,
			);
			buildRules = (
			);
			dependencies = (
			);
			name = InternProject;
			productName = InternProject;
			productReference = 6EAAC08825B9064B00851EB8 /* InternProject.app */;
			productType = "com.apple.product-type.application";
		};
		6EAAC09D25B9064D00851EB8 /* InternProjectTests */ = {
			isa = PBXNativeTarget;
			buildConfigurationList = 6EAAC0B525B9064D00851EB8 /* Build configuration list for PBXNativeTarget "InternProjectTests" */;
			buildPhases = (
				6EAAC09A25B9064D00851EB8 /* Sources */,
				6EAAC09B25B9064D00851EB8 /* Frameworks */,
				6EAAC09C25B9064D00851EB8 /* Resources */,
			);
			buildRules = (
			);
			dependencies = (
				6EAAC0A025B9064D00851EB8 /* PBXTargetDependency */,
			);
			name = InternProjectTests;
			productName = InternProjectTests;
			productReference = 6EAAC09E25B9064D00851EB8 /* InternProjectTests.xctest */;
			productType = "com.apple.product-type.bundle.unit-test";
		};
		6EAAC0A825B9064D00851EB8 /* InternProjectUITests */ = {
			isa = PBXNativeTarget;
			buildConfigurationList = 6EAAC0B825B9064D00851EB8 /* Build configuration list for PBXNativeTarget "InternProjectUITests" */;
			buildPhases = (
				6EAAC0A525B9064D00851EB8 /* Sources */,
				6EAAC0A625B9064D00851EB8 /* Frameworks */,
				6EAAC0A725B9064D00851EB8 /* Resources */,
			);
			buildRules = (
			);
			dependencies = (
				6EAAC0AB25B9064D00851EB8 /* PBXTargetDependency */,
			);
			name = InternProjectUITests;
			productName = InternProjectUITests;
			productReference = 6EAAC0A925B9064D00851EB8 /* InternProjectUITests.xctest */;
			productType = "com.apple.product-type.bundle.ui-testing";
		};
/* End PBXNativeTarget section */

/* Begin PBXProject section */
		6EAAC08025B9064B00851EB8 /* Project object */ = {
			isa = PBXProject;
			attributes = {
				LastSwiftUpdateCheck = 1230;
				LastUpgradeCheck = 1230;
				TargetAttributes = {
					6EAAC08725B9064B00851EB8 = {
						CreatedOnToolsVersion = 12.3;
					};
					6EAAC09D25B9064D00851EB8 = {
						CreatedOnToolsVersion = 12.3;
						TestTargetID = 6EAAC08725B9064B00851EB8;
					};
					6EAAC0A825B9064D00851EB8 = {
						CreatedOnToolsVersion = 12.3;
						TestTargetID = 6EAAC08725B9064B00851EB8;
					};
				};
			};
			buildConfigurationList = 6EAAC08325B9064B00851EB8 /* Build configuration list for PBXProject "InternProject" */;
			compatibilityVersion = "Xcode 9.3";
			developmentRegion = en;
			hasScannedForEncodings = 0;
			knownRegions = (
				en,
				Base,
			);
			mainGroup = 6EAAC07F25B9064B00851EB8;
			productRefGroup = 6EAAC08925B9064B00851EB8 /* Products */;
			projectDirPath = "";
			projectRoot = "";
			targets = (
				6EAAC08725B9064B00851EB8 /* InternProject */,
				6EAAC09D25B9064D00851EB8 /* InternProjectTests */,
				6EAAC0A825B9064D00851EB8 /* InternProjectUITests */,
			);
		};
/* End PBXProject section */

/* Begin PBXResourcesBuildPhase section */
		6EAAC08625B9064B00851EB8 /* Resources */ = {
			isa = PBXResourcesBuildPhase;
			buildActionMask = 2147483647;
			files = (
				6EAAC09825B9064D00851EB8 /* LaunchScreen.storyboard in Resources */,
				6EAAC0DE25B91FB600851EB8 /* GoogleService-Info.plist in Resources */,
				6EAAC09525B9064D00851EB8 /* Assets.xcassets in Resources */,
				6EAAC09325B9064B00851EB8 /* Main.storyboard in Resources */,
			);
			runOnlyForDeploymentPostprocessing = 0;
		};
		6EAAC09C25B9064D00851EB8 /* Resources */ = {
			isa = PBXResourcesBuildPhase;
			buildActionMask = 2147483647;
			files = (
			);
			runOnlyForDeploymentPostprocessing = 0;
		};
		6EAAC0A725B9064D00851EB8 /* Resources */ = {
			isa = PBXResourcesBuildPhase;
			buildActionMask = 2147483647;
			files = (
			);
			runOnlyForDeploymentPostprocessing = 0;
		};
/* End PBXResourcesBuildPhase section */

/* Begin PBXShellScriptBuildPhase section */
		737CDAE100FB0F05C096D9E1 /* [CP] Check Pods Manifest.lock */ = {
			isa = PBXShellScriptBuildPhase;
			buildActionMask = 2147483647;
			files = (
			);
			inputFileListPaths = (
			);
			inputPaths = (
				"${PODS_PODFILE_DIR_PATH}/Podfile.lock",
				"${PODS_ROOT}/Manifest.lock",
			);
			name = "[CP] Check Pods Manifest.lock";
			outputFileListPaths = (
			);
			outputPaths = (
				"$(DERIVED_FILE_DIR)/Pods-InternProject-checkManifestLockResult.txt",
			);
			runOnlyForDeploymentPostprocessing = 0;
			shellPath = /bin/sh;
			shellScript = "diff \"${PODS_PODFILE_DIR_PATH}/Podfile.lock\" \"${PODS_ROOT}/Manifest.lock\" > /dev/null\nif [ $? != 0 ] ; then\n    # print error to STDERR\n    echo \"error: The sandbox is not in sync with the Podfile.lock. Run 'pod install' or update your CocoaPods installation.\" >&2\n    exit 1\nfi\n# This output is used by Xcode 'outputs' to avoid re-running this script phase.\necho \"SUCCESS\" > \"${SCRIPT_OUTPUT_FILE_0}\"\n";
			showEnvVarsInLog = 0;
		};
		D4BA233FE55542A9A61E721E /* [CP] Embed Pods Frameworks */ = {
			isa = PBXShellScriptBuildPhase;
			buildActionMask = 2147483647;
			files = (
			);
			inputFileListPaths = (
				"${PODS_ROOT}/Target Support Files/Pods-InternProject/Pods-InternProject-frameworks-${CONFIGURATION}-input-files.xcfilelist",
			);
			name = "[CP] Embed Pods Frameworks";
			outputFileListPaths = (
				"${PODS_ROOT}/Target Support Files/Pods-InternProject/Pods-InternProject-frameworks-${CONFIGURATION}-output-files.xcfilelist",
			);
			runOnlyForDeploymentPostprocessing = 0;
			shellPath = /bin/sh;
			shellScript = "\"${PODS_ROOT}/Target Support Files/Pods-InternProject/Pods-InternProject-frameworks.sh\"\n";
			showEnvVarsInLog = 0;
		};
/* End PBXShellScriptBuildPhase section */

/* Begin PBXSourcesBuildPhase section */
		6EAAC08425B9064B00851EB8 /* Sources */ = {
			isa = PBXSourcesBuildPhase;
			buildActionMask = 2147483647;
			files = (
				6EAAC0C325B9086C00851EB8 /* HomepageViewController.swift in Sources */,
				6EAAC09025B9064B00851EB8 /* SplashViewController.swift in Sources */,
				6EAAC08C25B9064B00851EB8 /* AppDelegate.swift in Sources */,
				6EAAC08E25B9064B00851EB8 /* SceneDelegate.swift in Sources */,
			);
			runOnlyForDeploymentPostprocessing = 0;
		};
		6EAAC09A25B9064D00851EB8 /* Sources */ = {
			isa = PBXSourcesBuildPhase;
			buildActionMask = 2147483647;
			files = (
				6EAAC0A325B9064D00851EB8 /* InternProjectTests.swift in Sources */,
			);
			runOnlyForDeploymentPostprocessing = 0;
		};
		6EAAC0A525B9064D00851EB8 /* Sources */ = {
			isa = PBXSourcesBuildPhase;
			buildActionMask = 2147483647;
			files = (
				6EAAC0AE25B9064D00851EB8 /* InternProjectUITests.swift in Sources */,
			);
			runOnlyForDeploymentPostprocessing = 0;
		};
/* End PBXSourcesBuildPhase section */

/* Begin PBXTargetDependency section */
		6EAAC0A025B9064D00851EB8 /* PBXTargetDependency */ = {
			isa = PBXTargetDependency;
			target = 6EAAC08725B9064B00851EB8 /* InternProject */;
			targetProxy = 6EAAC09F25B9064D00851EB8 /* PBXContainerItemProxy */;
		};
		6EAAC0AB25B9064D00851EB8 /* PBXTargetDependency */ = {
			isa = PBXTargetDependency;
			target = 6EAAC08725B9064B00851EB8 /* InternProject */;
			targetProxy = 6EAAC0AA25B9064D00851EB8 /* PBXContainerItemProxy */;
		};
/* End PBXTargetDependency section */

/* Begin PBXVariantGroup section */
		6EAAC09125B9064B00851EB8 /* Main.storyboard */ = {
			isa = PBXVariantGroup;
			children = (
				6EAAC09225B9064B00851EB8 /* Base */,
			);
			name = Main.storyboard;
			sourceTree = "<group>";
		};
		6EAAC09625B9064D00851EB8 /* LaunchScreen.storyboard */ = {
			isa = PBXVariantGroup;
			children = (
				6EAAC09725B9064D00851EB8 /* Base */,
			);
			name = LaunchScreen.storyboard;
			sourceTree = "<group>";
		};
/* End PBXVariantGroup section */

/* Begin XCBuildConfiguration section */
		6EAAC0B025B9064D00851EB8 /* Debug */ = {
			isa = XCBuildConfiguration;
			buildSettings = {
				ALWAYS_SEARCH_USER_PATHS = NO;
				CLANG_ANALYZER_NONNULL = YES;
				CLANG_ANALYZER_NUMBER_OBJECT_CONVERSION = YES_AGGRESSIVE;
				CLANG_CXX_LANGUAGE_STANDARD = "gnu++14";
				CLANG_CXX_LIBRARY = "libc++";
				CLANG_ENABLE_MODULES = YES;
				CLANG_ENABLE_OBJC_ARC = YES;
				CLANG_ENABLE_OBJC_WEAK = YES;
				CLANG_WARN_BLOCK_CAPTURE_AUTORELEASING = YES;
				CLANG_WARN_BOOL_CONVERSION = YES;
				CLANG_WARN_COMMA = YES;
				CLANG_WARN_CONSTANT_CONVERSION = YES;
				CLANG_WARN_DEPRECATED_OBJC_IMPLEMENTATIONS = YES;
				CLANG_WARN_DIRECT_OBJC_ISA_USAGE = YES_ERROR;
				CLANG_WARN_DOCUMENTATION_COMMENTS = YES;
				CLANG_WARN_EMPTY_BODY = YES;
				CLANG_WARN_ENUM_CONVERSION = YES;
				CLANG_WARN_INFINITE_RECURSION = YES;
				CLANG_WARN_INT_CONVERSION = YES;
				CLANG_WARN_NON_LITERAL_NULL_CONVERSION = YES;
				CLANG_WARN_OBJC_IMPLICIT_RETAIN_SELF = YES;
				CLANG_WARN_OBJC_LITERAL_CONVERSION = YES;
				CLANG_WARN_OBJC_ROOT_CLASS = YES_ERROR;
				CLANG_WARN_QUOTED_INCLUDE_IN_FRAMEWORK_HEADER = YES;
				CLANG_WARN_RANGE_LOOP_ANALYSIS = YES;
				CLANG_WARN_STRICT_PROTOTYPES = YES;
				CLANG_WARN_SUSPICIOUS_MOVE = YES;
				CLANG_WARN_UNGUARDED_AVAILABILITY = YES_AGGRESSIVE;
				CLANG_WARN_UNREACHABLE_CODE = YES;
				CLANG_WARN__DUPLICATE_METHOD_MATCH = YES;
				COPY_PHASE_STRIP = NO;
				DEBUG_INFORMATION_FORMAT = dwarf;
				ENABLE_STRICT_OBJC_MSGSEND = YES;
				ENABLE_TESTABILITY = YES;
				GCC_C_LANGUAGE_STANDARD = gnu11;
				GCC_DYNAMIC_NO_PIC = NO;
				GCC_NO_COMMON_BLOCKS = YES;
				GCC_OPTIMIZATION_LEVEL = 0;
				GCC_PREPROCESSOR_DEFINITIONS = (
					"DEBUG=1",
					"$(inherited)",
				);
				GCC_WARN_64_TO_32_BIT_CONVERSION = YES;
				GCC_WARN_ABOUT_RETURN_TYPE = YES_ERROR;
				GCC_WARN_UNDECLARED_SELECTOR = YES;
				GCC_WARN_UNINITIALIZED_AUTOS = YES_AGGRESSIVE;
				GCC_WARN_UNUSED_FUNCTION = YES;
				GCC_WARN_UNUSED_VARIABLE = YES;
				IPHONEOS_DEPLOYMENT_TARGET = 14.3;
				MTL_ENABLE_DEBUG_INFO = INCLUDE_SOURCE;
				MTL_FAST_MATH = YES;
				ONLY_ACTIVE_ARCH = YES;
				SDKROOT = iphoneos;
				SWIFT_ACTIVE_COMPILATION_CONDITIONS = DEBUG;
				SWIFT_OPTIMIZATION_LEVEL = "-Onone";
			};
			name = Debug;
		};
		6EAAC0B125B9064D00851EB8 /* Release */ = {
			isa = XCBuildConfiguration;
			buildSettings = {
				ALWAYS_SEARCH_USER_PATHS = NO;
				CLANG_ANALYZER_NONNULL = YES;
				CLANG_ANALYZER_NUMBER_OBJECT_CONVERSION = YES_AGGRESSIVE;
				CLANG_CXX_LANGUAGE_STANDARD = "gnu++14";
				CLANG_CXX_LIBRARY = "libc++";
				CLANG_ENABLE_MODULES = YES;
				CLANG_ENABLE_OBJC_ARC = YES;
				CLANG_ENABLE_OBJC_WEAK = YES;
				CLANG_WARN_BLOCK_CAPTURE_AUTORELEASING = YES;
				CLANG_WARN_BOOL_CONVERSION = YES;
				CLANG_WARN_COMMA = YES;
				CLANG_WARN_CONSTANT_CONVERSION = YES;
				CLANG_WARN_DEPRECATED_OBJC_IMPLEMENTATIONS = YES;
				CLANG_WARN_DIRECT_OBJC_ISA_USAGE = YES_ERROR;
				CLANG_WARN_DOCUMENTATION_COMMENTS = YES;
				CLANG_WARN_EMPTY_BODY = YES;
				CLANG_WARN_ENUM_CONVERSION = YES;
				CLANG_WARN_INFINITE_RECURSION = YES;
				CLANG_WARN_INT_CONVERSION = YES;
				CLANG_WARN_NON_LITERAL_NULL_CONVERSION = YES;
				CLANG_WARN_OBJC_IMPLICIT_RETAIN_SELF = YES;
				CLANG_WARN_OBJC_LITERAL_CONVERSION = YES;
				CLANG_WARN_OBJC_ROOT_CLASS = YES_ERROR;
				CLANG_WARN_QUOTED_INCLUDE_IN_FRAMEWORK_HEADER = YES;
				CLANG_WARN_RANGE_LOOP_ANALYSIS = YES;
				CLANG_WARN_STRICT_PROTOTYPES = YES;
				CLANG_WARN_SUSPICIOUS_MOVE = YES;
				CLANG_WARN_UNGUARDED_AVAILABILITY = YES_AGGRESSIVE;
				CLANG_WARN_UNREACHABLE_CODE = YES;
				CLANG_WARN__DUPLICATE_METHOD_MATCH = YES;
				COPY_PHASE_STRIP = NO;
				DEBUG_INFORMATION_FORMAT = "dwarf-with-dsym";
				ENABLE_NS_ASSERTIONS = NO;
				ENABLE_STRICT_OBJC_MSGSEND = YES;
				GCC_C_LANGUAGE_STANDARD = gnu11;
				GCC_NO_COMMON_BLOCKS = YES;
				GCC_WARN_64_TO_32_BIT_CONVERSION = YES;
				GCC_WARN_ABOUT_RETURN_TYPE = YES_ERROR;
				GCC_WARN_UNDECLARED_SELECTOR = YES;
				GCC_WARN_UNINITIALIZED_AUTOS = YES_AGGRESSIVE;
				GCC_WARN_UNUSED_FUNCTION = YES;
				GCC_WARN_UNUSED_VARIABLE = YES;
				IPHONEOS_DEPLOYMENT_TARGET = 14.3;
				MTL_ENABLE_DEBUG_INFO = NO;
				MTL_FAST_MATH = YES;
				SDKROOT = iphoneos;
				SWIFT_COMPILATION_MODE = wholemodule;
				SWIFT_OPTIMIZATION_LEVEL = "-O";
				VALIDATE_PRODUCT = YES;
			};
			name = Release;
		};
		6EAAC0B325B9064D00851EB8 /* Debug */ = {
			isa = XCBuildConfiguration;
			baseConfigurationReference = D86D81539707543B9CBB7A3B /* Pods-InternProject.debug.xcconfig */;
			buildSettings = {
				ASSETCATALOG_COMPILER_APPICON_NAME = AppIcon;
				ASSETCATALOG_COMPILER_GLOBAL_ACCENT_COLOR_NAME = AccentColor;
				CODE_SIGN_STYLE = Automatic;
				DEVELOPMENT_TEAM = SBWA9NH95N;
				INFOPLIST_FILE = InternProject/Info.plist;
				LD_RUNPATH_SEARCH_PATHS = (
					"$(inherited)",
					"@executable_path/Frameworks",
				);
				PRODUCT_BUNDLE_IDENTIFIER = com.demetcaliskan.InternProject;
				PRODUCT_NAME = "$(TARGET_NAME)";
				SWIFT_VERSION = 5.0;
				TARGETED_DEVICE_FAMILY = "1,2";
			};
			name = Debug;
		};
		6EAAC0B425B9064D00851EB8 /* Release */ = {
			isa = XCBuildConfiguration;
			baseConfigurationReference = DF09D050DF62C121C3D4A9C9 /* Pods-InternProject.release.xcconfig */;
			buildSettings = {
				ASSETCATALOG_COMPILER_APPICON_NAME = AppIcon;
				ASSETCATALOG_COMPILER_GLOBAL_ACCENT_COLOR_NAME = AccentColor;
				CODE_SIGN_STYLE = Automatic;
				DEVELOPMENT_TEAM = SBWA9NH95N;
				INFOPLIST_FILE = InternProject/Info.plist;
				LD_RUNPATH_SEARCH_PATHS = (
					"$(inherited)",
					"@executable_path/Frameworks",
				);
				PRODUCT_BUNDLE_IDENTIFIER = com.demetcaliskan.InternProject;
				PRODUCT_NAME = "$(TARGET_NAME)";
				SWIFT_VERSION = 5.0;
				TARGETED_DEVICE_FAMILY = "1,2";
			};
			name = Release;
		};
		6EAAC0B625B9064D00851EB8 /* Debug */ = {
			isa = XCBuildConfiguration;
			buildSettings = {
				ALWAYS_EMBED_SWIFT_STANDARD_LIBRARIES = YES;
				BUNDLE_LOADER = "$(TEST_HOST)";
				CODE_SIGN_STYLE = Automatic;
				INFOPLIST_FILE = InternProjectTests/Info.plist;
				IPHONEOS_DEPLOYMENT_TARGET = 14.3;
				LD_RUNPATH_SEARCH_PATHS = (
					"$(inherited)",
					"@executable_path/Frameworks",
					"@loader_path/Frameworks",
				);
				PRODUCT_BUNDLE_IDENTIFIER = com.demetcaliskan.InternProjectTests;
				PRODUCT_NAME = "$(TARGET_NAME)";
				SWIFT_VERSION = 5.0;
				TARGETED_DEVICE_FAMILY = "1,2";
				TEST_HOST = "$(BUILT_PRODUCTS_DIR)/InternProject.app/InternProject";
			};
			name = Debug;
		};
		6EAAC0B725B9064D00851EB8 /* Release */ = {
			isa = XCBuildConfiguration;
			buildSettings = {
				ALWAYS_EMBED_SWIFT_STANDARD_LIBRARIES = YES;
				BUNDLE_LOADER = "$(TEST_HOST)";
				CODE_SIGN_STYLE = Automatic;
				INFOPLIST_FILE = InternProjectTests/Info.plist;
				IPHONEOS_DEPLOYMENT_TARGET = 14.3;
				LD_RUNPATH_SEARCH_PATHS = (
					"$(inherited)",
					"@executable_path/Frameworks",
					"@loader_path/Frameworks",
				);
				PRODUCT_BUNDLE_IDENTIFIER = com.demetcaliskan.InternProjectTests;
				PRODUCT_NAME = "$(TARGET_NAME)";
				SWIFT_VERSION = 5.0;
				TARGETED_DEVICE_FAMILY = "1,2";
				TEST_HOST = "$(BUILT_PRODUCTS_DIR)/InternProject.app/InternProject";
			};
			name = Release;
		};
		6EAAC0B925B9064D00851EB8 /* Debug */ = {
			isa = XCBuildConfiguration;
			buildSettings = {
				ALWAYS_EMBED_SWIFT_STANDARD_LIBRARIES = YES;
				CODE_SIGN_STYLE = Automatic;
				INFOPLIST_FILE = InternProjectUITests/Info.plist;
				LD_RUNPATH_SEARCH_PATHS = (
					"$(inherited)",
					"@executable_path/Frameworks",
					"@loader_path/Frameworks",
				);
				PRODUCT_BUNDLE_IDENTIFIER = com.demetcaliskan.InternProjectUITests;
				PRODUCT_NAME = "$(TARGET_NAME)";
				SWIFT_VERSION = 5.0;
				TARGETED_DEVICE_FAMILY = "1,2";
				TEST_TARGET_NAME = InternProject;
			};
			name = Debug;
		};
		6EAAC0BA25B9064D00851EB8 /* Release */ = {
			isa = XCBuildConfiguration;
			buildSettings = {
				ALWAYS_EMBED_SWIFT_STANDARD_LIBRARIES = YES;
				CODE_SIGN_STYLE = Automatic;
				INFOPLIST_FILE = InternProjectUITests/Info.plist;
				LD_RUNPATH_SEARCH_PATHS = (
					"$(inherited)",
					"@executable_path/Frameworks",
					"@loader_path/Frameworks",
				);
				PRODUCT_BUNDLE_IDENTIFIER = com.demetcaliskan.InternProjectUITests;
				PRODUCT_NAME = "$(TARGET_NAME)";
				SWIFT_VERSION = 5.0;
				TARGETED_DEVICE_FAMILY = "1,2";
				TEST_TARGET_NAME = InternProject;
			};
			name = Release;
		};
/* End XCBuildConfiguration section */

/* Begin XCConfigurationList section */
		6EAAC08325B9064B00851EB8 /* Build configuration list for PBXProject "InternProject" */ = {
			isa = XCConfigurationList;
			buildConfigurations = (
				6EAAC0B025B9064D00851EB8 /* Debug */,
				6EAAC0B125B9064D00851EB8 /* Release */,
			);
			defaultConfigurationIsVisible = 0;
			defaultConfigurationName = Release;
		};
		6EAAC0B225B9064D00851EB8 /* Build configuration list for PBXNativeTarget "InternProject" */ = {
			isa = XCConfigurationList;
			buildConfigurations = (
				6EAAC0B325B9064D00851EB8 /* Debug */,
				6EAAC0B425B9064D00851EB8 /* Release */,
			);
			defaultConfigurationIsVisible = 0;
			defaultConfigurationName = Release;
		};
		6EAAC0B525B9064D00851EB8 /* Build configuration list for PBXNativeTarget "InternProjectTests" */ = {
			isa = XCConfigurationList;
			buildConfigurations = (
				6EAAC0B625B9064D00851EB8 /* Debug */,
				6EAAC0B725B9064D00851EB8 /* Release */,
			);
			defaultConfigurationIsVisible = 0;
			defaultConfigurationName = Release;
		};
		6EAAC0B825B9064D00851EB8 /* Build configuration list for PBXNativeTarget "InternProjectUITests" */ = {
			isa = XCConfigurationList;
			buildConfigurations = (
				6EAAC0B925B9064D00851EB8 /* Debug */,
				6EAAC0BA25B9064D00851EB8 /* Release */,
			);
			defaultConfigurationIsVisible = 0;
			defaultConfigurationName = Release;
		};
/* End XCConfigurationList section */
	};
	rootObject = 6EAAC08025B9064B00851EB8 /* Project object */;
}
